
Microsoft Visual Studio Solution File, Format Version 12.00
# Visual Studio Version 17
VisualStudioVersion = 17.14.36705.20
MinimumVisualStudioVersion = 10.0.40219.1
Project("{FAE04EC0-301F-11D3-BF4B-00C04F79EFBC}") = "payzen_backend", "payzen_backend\payzen_backend.csproj", "{E7977FDF-AE24-42E7-9261-6CF5158AC829}"
EndProject
Project("{FAE04EC0-301F-11D3-BF4B-00C04F79EFBC}") = "payzen_backend.Tests", "payzen_backend.Tests\payzen_backend.Tests.csproj", "{233499F1-975F-473D-80E4-BB6B08358563}"
EndProject
Global
	GlobalSection(SolutionConfigurationPlatforms) = preSolution
		Debug|Any CPU = Debug|Any CPU
		Debug|x64 = Debug|x64
		Debug|x86 = Debug|x86
		Release|Any CPU = Release|Any CPU
		Release|x64 = Release|x64
		Release|x86 = Release|x86
	EndGlobalSection
	GlobalSection(ProjectConfigurationPlatforms) = postSolution
		{E7977FDF-AE24-42E7-9261-6CF5158AC829}.Debug|Any CPU.ActiveCfg = Debug|Any CPU
		{E7977FDF-AE24-42E7-9261-6CF5158AC829}.Debug|Any CPU.Build.0 = Debug|Any CPU
		{E7977FDF-AE24-42E7-9261-6CF5158AC829}.Debug|x64.ActiveCfg = Debug|Any CPU
		{E7977FDF-AE24-42E7-9261-6CF5158AC829}.Debug|x64.Build.0 = Debug|Any CPU
		{E7977FDF-AE24-42E7-9261-6CF5158AC829}.Debug|x86.ActiveCfg = Debug|Any CPU
		{E7977FDF-AE24-42E7-9261-6CF5158AC829}.Debug|x86.Build.0 = Debug|Any CPU
		{E7977FDF-AE24-42E7-9261-6CF5158AC829}.Release|Any CPU.ActiveCfg = Release|Any CPU
		{E7977FDF-AE24-42E7-9261-6CF5158AC829}.Release|Any CPU.Build.0 = Release|Any CPU
		{E7977FDF-AE24-42E7-9261-6CF5158AC829}.Release|x64.ActiveCfg = Release|Any CPU
		{E7977FDF-AE24-42E7-9261-6CF5158AC829}.Release|x64.Build.0 = Release|Any CPU
		{E7977FDF-AE24-42E7-9261-6CF5158AC829}.Release|x86.ActiveCfg = Release|Any CPU
		{E7977FDF-AE24-42E7-9261-6CF5158AC829}.Release|x86.Build.0 = Release|Any CPU
		{233499F1-975F-473D-80E4-BB6B08358563}.Debug|Any CPU.ActiveCfg = Debug|Any CPU
		{233499F1-975F-473D-80E4-BB6B08358563}.Debug|Any CPU.Build.0 = Debug|Any CPU
		{233499F1-975F-473D-80E4-BB6B08358563}.Debug|x64.ActiveCfg = Debug|Any CPU
		{233499F1-975F-473D-80E4-BB6B08358563}.Debug|x64.Build.0 = Debug|Any CPU
		{233499F1-975F-473D-80E4-BB6B08358563}.Debug|x86.ActiveCfg = Debug|Any CPU
		{233499F1-975F-473D-80E4-BB6B08358563}.Debug|x86.Build.0 = Debug|Any CPU
		{233499F1-975F-473D-80E4-BB6B08358563}.Release|Any CPU.ActiveCfg = Release|Any CPU
		{233499F1-975F-473D-80E4-BB6B08358563}.Release|Any CPU.Build.0 = Release|Any CPU
		{233499F1-975F-473D-80E4-BB6B08358563}.Release|x64.ActiveCfg = Release|Any CPU
		{233499F1-975F-473D-80E4-BB6B08358563}.Release|x64.Build.0 = Release|Any CPU
		{233499F1-975F-473D-80E4-BB6B08358563}.Release|x86.ActiveCfg = Release|Any CPU
		{233499F1-975F-473D-80E4-BB6B08358563}.Release|x86.Build.0 = Release|Any CPU
	EndGlobalSection
	GlobalSection(SolutionProperties) = preSolution
		HideSolutionNode = FALSE
	EndGlobalSection
	GlobalSection(ExtensibilityGlobals) = postSolution
		SolutionGuid = {361D4F9B-DBB8-4DF0-AC65-37EAA1BD7F82}
	EndGlobalSection
EndGlobal
