Microsoft Visual Studio Solution File, Format Version 12.00
# Visual Studio Version 17
VisualStudioVersion = 17.5.2.0
MinimumVisualStudioVersion = 10.0.40219.1
Project("{FAE04EC0-301F-11D3-BF4B-00C04F79EFBC}") = "payzen_backend", "payzen_backend.csproj", "{E806A1A7-C613-B242-5619-88C8C88FAAE0}"
EndProject
Global
	GlobalSection(SolutionConfigurationPlatforms) = preSolution
		Debug|Any CPU = Debug|Any CPU
		Release|Any CPU = Release|Any CPU
	EndGlobalSection
	GlobalSection(ProjectConfigurationPlatforms) = postSolution
		{E806A1A7-C613-B242-5619-88C8C88FAAE0}.Debug|Any CPU.ActiveCfg = Debug|Any CPU
		{E806A1A7-C613-B242-5619-88C8C88FAAE0}.Debug|Any CPU.Build.0 = Debug|Any CPU
		{E806A1A7-C613-B242-5619-88C8C88FAAE0}.Release|Any CPU.ActiveCfg = Release|Any CPU
		{E806A1A7-C613-B242-5619-88C8C88FAAE0}.Release|Any CPU.Build.0 = Release|Any CPU
	EndGlobalSection
	GlobalSection(SolutionProperties) = preSolution
		HideSolutionNode = FALSE
	EndGlobalSection
	GlobalSection(ExtensibilityGlobals) = postSolution
		SolutionGuid = {CCE15290-545B-4A06-9062-5ADA4F825C7F}
	EndGlobalSection
EndGlobal
